
Microsoft Visual Studio Solution File, Format Version 12.00
# Visual Studio Version 16
VisualStudioVersion = 16.0.29609.76
MinimumVisualStudioVersion = 10.0.40219.1
Project("{FAE04EC0-301F-11D3-BF4B-00C04F79EFBC}") = "ND_WindowsForms_5", "ND_WindowsForms_5\ND_WindowsForms_5.csproj", "{19DD64FC-D9E7-4D0D-BC5A-4FA2247630B6}"
EndProject
Global
	GlobalSection(SolutionConfigurationPlatforms) = preSolution
		Debug|Any CPU = Debug|Any CPU
		Release|Any CPU = Release|Any CPU
	EndGlobalSection
	GlobalSection(ProjectConfigurationPlatforms) = postSolution
		{19DD64FC-D9E7-4D0D-BC5A-4FA2247630B6}.Debug|Any CPU.ActiveCfg = Debug|Any CPU
		{19DD64FC-D9E7-4D0D-BC5A-4FA2247630B6}.Debug|Any CPU.Build.0 = Debug|Any CPU
		{19DD64FC-D9E7-4D0D-BC5A-4FA2247630B6}.Release|Any CPU.ActiveCfg = Release|Any CPU
		{19DD64FC-D9E7-4D0D-BC5A-4FA2247630B6}.Release|Any CPU.Build.0 = Release|Any CPU
	EndGlobalSection
	GlobalSection(SolutionProperties) = preSolution
		HideSolutionNode = FALSE
	EndGlobalSection
	GlobalSection(ExtensibilityGlobals) = postSolution
		SolutionGuid = {706C605A-0E94-498B-9932-CA03EAE29DAF}
	EndGlobalSection
EndGlobal
