
Microsoft Visual Studio Solution File, Format Version 12.00
# Visual Studio Version 16
VisualStudioVersion = 16.0.29609.76
MinimumVisualStudioVersion = 10.0.40219.1
Project("{FAE04EC0-301F-11D3-BF4B-00C04F79EFBC}") = "ND_WindowsForms_3", "ND_WindowsForms_3\ND_WindowsForms_3.csproj", "{63162A27-AC0F-4F60-9872-362BD56972B0}"
EndProject
Global
	GlobalSection(SolutionConfigurationPlatforms) = preSolution
		Debug|Any CPU = Debug|Any CPU
		Release|Any CPU = Release|Any CPU
	EndGlobalSection
	GlobalSection(ProjectConfigurationPlatforms) = postSolution
		{63162A27-AC0F-4F60-9872-362BD56972B0}.Debug|Any CPU.ActiveCfg = Debug|Any CPU
		{63162A27-AC0F-4F60-9872-362BD56972B0}.Debug|Any CPU.Build.0 = Debug|Any CPU
		{63162A27-AC0F-4F60-9872-362BD56972B0}.Release|Any CPU.ActiveCfg = Release|Any CPU
		{63162A27-AC0F-4F60-9872-362BD56972B0}.Release|Any CPU.Build.0 = Release|Any CPU
	EndGlobalSection
	GlobalSection(SolutionProperties) = preSolution
		HideSolutionNode = FALSE
	EndGlobalSection
	GlobalSection(ExtensibilityGlobals) = postSolution
		SolutionGuid = {9D929538-C801-4A22-8703-354FCA3498B2}
	EndGlobalSection
EndGlobal
