
Microsoft Visual Studio Solution File, Format Version 12.00
# Visual Studio Version 16
VisualStudioVersion = 16.0.29609.76
MinimumVisualStudioVersion = 10.0.40219.1
Project("{FAE04EC0-301F-11D3-BF4B-00C04F79EFBC}") = "KD_WindowsForms_2", "KD_WindowsForms_2\KD_WindowsForms_2.csproj", "{1D212E14-45BA-4B04-B1E9-73969F8B108E}"
EndProject
Global
	GlobalSection(SolutionConfigurationPlatforms) = preSolution
		Debug|Any CPU = Debug|Any CPU
		Release|Any CPU = Release|Any CPU
	EndGlobalSection
	GlobalSection(ProjectConfigurationPlatforms) = postSolution
		{1D212E14-45BA-4B04-B1E9-73969F8B108E}.Debug|Any CPU.ActiveCfg = Debug|Any CPU
		{1D212E14-45BA-4B04-B1E9-73969F8B108E}.Debug|Any CPU.Build.0 = Debug|Any CPU
		{1D212E14-45BA-4B04-B1E9-73969F8B108E}.Release|Any CPU.ActiveCfg = Release|Any CPU
		{1D212E14-45BA-4B04-B1E9-73969F8B108E}.Release|Any CPU.Build.0 = Release|Any CPU
	EndGlobalSection
	GlobalSection(SolutionProperties) = preSolution
		HideSolutionNode = FALSE
	EndGlobalSection
	GlobalSection(ExtensibilityGlobals) = postSolution
		SolutionGuid = {24D246B8-DB51-42FD-B068-310F20AAE085}
	EndGlobalSection
EndGlobal
